
Microsoft Visual Studio Solution File, Format Version 12.00
# Visual Studio Version 17
VisualStudioVersion = 17.2.32519.379
MinimumVisualStudioVersion = 10.0.40219.1
Project("{9A19103F-16F7-4668-BE54-9A1E7A4F7556}") = "FunctionalProgrammingPlayground", "FunctionalProgrammingPlayground\FunctionalProgrammingPlayground.csproj", "{AA650577-56EE-4C0E-9A9D-60A0B2C29CA3}"
EndProject
Project("{FAE04EC0-301F-11D3-BF4B-00C04F79EFBC}") = "ConsoleApp", "ConsoleApp\ConsoleApp.csproj", "{93F23907-3042-4DEB-AA41-6186863AD9E9}"
EndProject
Global
	GlobalSection(SolutionConfigurationPlatforms) = preSolution
		Debug|Any CPU = Debug|Any CPU
		Release|Any CPU = Release|Any CPU
	EndGlobalSection
	GlobalSection(ProjectConfigurationPlatforms) = postSolution
		{AA650577-56EE-4C0E-9A9D-60A0B2C29CA3}.Debug|Any CPU.ActiveCfg = Debug|Any CPU
		{AA650577-56EE-4C0E-9A9D-60A0B2C29CA3}.Debug|Any CPU.Build.0 = Debug|Any CPU
		{AA650577-56EE-4C0E-9A9D-60A0B2C29CA3}.Release|Any CPU.ActiveCfg = Release|Any CPU
		{AA650577-56EE-4C0E-9A9D-60A0B2C29CA3}.Release|Any CPU.Build.0 = Release|Any CPU
		{93F23907-3042-4DEB-AA41-6186863AD9E9}.Debug|Any CPU.ActiveCfg = Debug|Any CPU
		{93F23907-3042-4DEB-AA41-6186863AD9E9}.Debug|Any CPU.Build.0 = Debug|Any CPU
		{93F23907-3042-4DEB-AA41-6186863AD9E9}.Release|Any CPU.ActiveCfg = Release|Any CPU
		{93F23907-3042-4DEB-AA41-6186863AD9E9}.Release|Any CPU.Build.0 = Release|Any CPU
	EndGlobalSection
	GlobalSection(SolutionProperties) = preSolution
		HideSolutionNode = FALSE
	EndGlobalSection
	GlobalSection(ExtensibilityGlobals) = postSolution
		SolutionGuid = {4F0121F7-AC4E-4210-BCAA-D8F174DC9696}
	EndGlobalSection
EndGlobal
